
Microsoft Visual Studio Solution File, Format Version 12.00
# Visual Studio Version 17
VisualStudioVersion = 17.6.33723.286
MinimumVisualStudioVersion = 10.0.40219.1
Project("{FAE04EC0-301F-11D3-BF4B-00C04F79EFBC}") = "nuget_test", "nuget_test.csproj", "{D663D2B6-8B75-4DAE-B286-9B2A553E8107}"
EndProject
Global
	GlobalSection(SolutionConfigurationPlatforms) = preSolution
		Debug|Any CPU = Debug|Any CPU
		Release|Any CPU = Release|Any CPU
	EndGlobalSection
	GlobalSection(ProjectConfigurationPlatforms) = postSolution
		{D663D2B6-8B75-4DAE-B286-9B2A553E8107}.Debug|Any CPU.ActiveCfg = Debug|Any CPU
		{D663D2B6-8B75-4DAE-B286-9B2A553E8107}.Debug|Any CPU.Build.0 = Debug|Any CPU
		{D663D2B6-8B75-4DAE-B286-9B2A553E8107}.Release|Any CPU.ActiveCfg = Release|Any CPU
		{D663D2B6-8B75-4DAE-B286-9B2A553E8107}.Release|Any CPU.Build.0 = Release|Any CPU
	EndGlobalSection
	GlobalSection(SolutionProperties) = preSolution
		HideSolutionNode = FALSE
	EndGlobalSection
	GlobalSection(ExtensibilityGlobals) = postSolution
		SolutionGuid = {095DFEAB-980B-4040-9F85-86784A8BFE7B}
	EndGlobalSection
EndGlobal
